// !$*UTF8*$!
{
	archiveVersion = 1;
	classes = {
	};
	objectVersion = 46;
	objects = {

/* Begin PBXBuildFile section */
		56F98A131DB1CBAD00E3B33A /* AppDelegate.swift in Sources */ = {isa = PBXBuildFile; fileRef = 56F98A121DB1CBAD00E3B33A /* AppDelegate.swift */; };
		56F98A151DB1CBAD00E3B33A /* ViewController.swift in Sources */ = {isa = PBXBuildFile; fileRef = 56F98A141DB1CBAD00E3B33A /* ViewController.swift */; };
		56F98A181DB1CBAD00E3B33A /* Main.storyboard in Resources */ = {isa = PBXBuildFile; fileRef = 56F98A161DB1CBAD00E3B33A /* Main.storyboard */; };
		56F98A1A1DB1CBAD00E3B33A /* Assets.xcassets in Resources */ = {isa = PBXBuildFile; fileRef = 56F98A191DB1CBAD00E3B33A /* Assets.xcassets */; };
		56F98A1D1DB1CBAD00E3B33A /* LaunchScreen.storyboard in Resources */ = {isa = PBXBuildFile; fileRef = 56F98A1B1DB1CBAD00E3B33A /* LaunchScreen.storyboard */; };
/* End PBXBuildFile section */

/* Begin PBXFileReference section */
		56F98A0F1DB1CBAD00E3B33A /* Test.app */ = {isa = PBXFileReference; explicitFileType = wrapper.application; includeInIndex = 0; path = Test.app; sourceTree = BUILT_PRODUCTS_DIR; };
		56F98A121DB1CBAD00E3B33A /* AppDelegate.swift */ = {isa = PBXFileReference; lastKnownFileType = sourcecode.swift; path = AppDelegate.swift; sourceTree = "<group>"; };
		56F98A141DB1CBAD00E3B33A /* ViewController.swift */ = {isa = PBXFileReference; lastKnownFileType = sourcecode.swift; path = ViewController.swift; sourceTree = "<group>"; };
		56F98A171DB1CBAD00E3B33A /* Base */ = {isa = PBXFileReference; lastKnownFileType = file.storyboard; name = Base; path = Base.lproj/Main.storyboard; sourceTree = "<group>"; };
		56F98A191DB1CBAD00E3B33A /* Assets.xcassets */ = {isa = PBXFileReference; lastKnownFileType = folder.assetcatalog; path = Assets.xcassets; sourceTree = "<group>"; };
		56F98A1C1DB1CBAD00E3B33A /* Base */ = {isa = PBXFileReference; lastKnownFileType = file.storyboard; name = Base; path = Base.lproj/LaunchScreen.storyboard; sourceTree = "<group>"; };
		56F98A1E1DB1CBAD00E3B33A /* Info.plist */ = {isa = PBXFileReference; lastKnownFileType = text.plist.xml; path = Info.plist; sourceTree = "<group>"; };
/* End PBXFileReference section */

/* Begin PBXFrameworksBuildPhase section */
		56F98A0C1DB1CBAC00E3B33A /* Frameworks */ = {
			isa = PBXFrameworksBuildPhase;
			buildActionMask = 2147483647;
			files = (
			);
			runOnlyForDeploymentPostprocessing = 0;
		};
/* End PBXFrameworksBuildPhase section */

/* Begin PBXGroup section */
		56F98A061DB1CBAC00E3B33A = {
			isa = PBXGroup;
			children = (
				56F98A111DB1CBAD00E3B33A /* Test */,
				56F98A101DB1CBAD00E3B33A /* Products */,
			);
			sourceTree = "<group>";
		};
		56F98A101DB1CBAD00E3B33A /* Products */ = {
			isa = PBXGroup;
			children = (
				56F98A0F1DB1CBAD00E3B33A /* Test.app */,
			);
			name = Products;
			sourceTree = "<group>";
		};
		56F98A111DB1CBAD00E3B33A /* Test */ = {
			isa = PBXGroup;
			children = (
				56F98A121DB1CBAD00E3B33A /* AppDelegate.swift */,
				56F98A141DB1CBAD00E3B33A /* ViewController.swift */,
				56F98A161DB1CBAD00E3B33A /* Main.storyboard */,
				56F98A191DB1CBAD00E3B33A /* Assets.xcassets */,
				56F98A1B1DB1CBAD00E3B33A /* LaunchScreen.storyboard */,
				56F98A1E1DB1CBAD00E3B33A /* Info.plist */,
			);
			path = Test;
			sourceTree = "<group>";
		};
/* End PBXGroup section */

/* Begin PBXNativeTarget section */
		56F98A0E1DB1CBAC00E3B33A /* Test */ = {
			isa = PBXNativeTarget;
			buildConfigurationList = 56F98A211DB1CBAD00E3B33A /* Build configuration list for PBXNativeTarget "Test" */;
			buildPhases = (
				56F98A0B1DB1CBAC00E3B33A /* Sources */,
				56F98A0C1DB1CBAC00E3B33A /* Frameworks */,
				56F98A0D1DB1CBAC00E3B33A /* Resources */,
			);
			buildRules = (
			);
			dependencies = (
			);
			name = Test;
			productName = Test;
			productReference = 56F98A0F1DB1CBAD00E3B33A /* Test.app */;
			productType = "com.apple.product-type.application";
		};
/* End PBXNativeTarget section */

/* Begin PBXProject section */
		56F98A071DB1CBAC00E3B33A /* Project object */ = {
			isa = PBXProject;
			attributes = {
				LastSwiftUpdateCheck = 0800;
				LastUpgradeCheck = 0800;
				ORGANIZATIONNAME = "郑宇琦";
				TargetAttributes = {
					56F98A0E1DB1CBAC00E3B33A = {
						CreatedOnToolsVersion = 8.0;
						DevelopmentTeam = JG6P34L9X8;
						ProvisioningStyle = Automatic;
					};
				};
			};
			buildConfigurationList = 56F98A0A1DB1CBAC00E3B33A /* Build configuration list for PBXProject "Test" */;
			compatibilityVersion = "Xcode 3.2";
			developmentRegion = English;
			hasScannedForEncodings = 0;
			knownRegions = (
				en,
				Base,
			);
			mainGroup = 56F98A061DB1CBAC00E3B33A;
			productRefGroup = 56F98A101DB1CBAD00E3B33A /* Products */;
			projectDirPath = "";
			projectRoot = "";
			targets = (
				56F98A0E1DB1CBAC00E3B33A /* Test */,
			);
		};
/* End PBXProject section */

/* Begin PBXResourcesBuildPhase section */
		56F98A0D1DB1CBAC00E3B33A /* Resources */ = {
			isa = PBXResourcesBuildPhase;
			buildActionMask = 2147483647;
			files = (
				56F98A1D1DB1CBAD00E3B33A /* LaunchScreen.storyboard in Resources */,
				56F98A1A1DB1CBAD00E3B33A /* Assets.xcassets in Resources */,
				56F98A181DB1CBAD00E3B33A /* Main.storyboard in Resources */,
			);
			runOnlyForDeploymentPostprocessing = 0;
		};
/* End PBXResourcesBuildPhase section */

/* Begin PBXSourcesBuildPhase section */
		56F98A0B1DB1CBAC00E3B33A /* Sources */ = {
			isa = PBXSourcesBuildPhase;
			buildActionMask = 2147483647;
			files = (
				56F98A151DB1CBAD00E3B33A /* ViewController.swift in Sources */,
				56F98A131DB1CBAD00E3B33A /* AppDelegate.swift in Sources */,
			);
			runOnlyForDeploymentPostprocessing = 0;
		};
/* End PBXSourcesBuildPhase section */

/* Begin PBXVariantGroup section */
		56F98A161DB1CBAD00E3B33A /* Main.storyboard */ = {
			isa = PBXVariantGroup;
			children = (
				56F98A171DB1CBAD00E3B33A /* Base */,
			);
			name = Main.storyboard;
			sourceTree = "<group>";
		};
		56F98A1B1DB1CBAD00E3B33A /* LaunchScreen.storyboard */ = {
			isa = PBXVariantGroup;
			children = (
				56F98A1C1DB1CBAD00E3B33A /* Base */,
			);
			name = LaunchScreen.storyboard;
			sourceTree = "<group>";
		};
/* End PBXVariantGroup section */

/* Begin XCBuildConfiguration section */
		56F98A1F1DB1CBAD00E3B33A /* Debug */ = {
			isa = XCBuildConfiguration;
			buildSettings = {
				ALWAYS_SEARCH_USER_PATHS = NO;
				CLANG_ANALYZER_NONNULL = YES;
				CLANG_CXX_LANGUAGE_STANDARD = "gnu++0x";
				CLANG_CXX_LIBRARY = "libc++";
				CLANG_ENABLE_MODULES = YES;
				CLANG_ENABLE_OBJC_ARC = YES;
				CLANG_WARN_BOOL_CONVERSION = YES;
				CLANG_WARN_CONSTANT_CONVERSION = YES;
				CLANG_WARN_DIRECT_OBJC_ISA_USAGE = YES_ERROR;
				CLANG_WARN_DOCUMENTATION_COMMENTS = YES;
				CLANG_WARN_EMPTY_BODY = YES;
				CLANG_WARN_ENUM_CONVERSION = YES;
				CLANG_WARN_INFINITE_RECURSION = YES;
				CLANG_WARN_INT_CONVERSION = YES;
				CLANG_WARN_OBJC_ROOT_CLASS = YES_ERROR;
				CLANG_WARN_SUSPICIOUS_MOVES = YES;
				CLANG_WARN_UNREACHABLE_CODE = YES;
				CLANG_WARN__DUPLICATE_METHOD_MATCH = YES;
				"CODE_SIGN_IDENTITY[sdk=iphoneos*]" = "iPhone Developer";
				COPY_PHASE_STRIP = NO;
				DEBUG_INFORMATION_FORMAT = dwarf;
				ENABLE_STRICT_OBJC_MSGSEND = YES;
				ENABLE_TESTABILITY = YES;
				GCC_C_LANGUAGE_STANDARD = gnu99;
				GCC_DYNAMIC_NO_PIC = NO;
				GCC_NO_COMMON_BLOCKS = YES;
				GCC_OPTIMIZATION_LEVEL = 0;
				GCC_PREPROCESSOR_DEFINITIONS = (
					"DEBUG=1",
					"$(inherited)",
				);
				GCC_WARN_64_TO_32_BIT_CONVERSION = YES;
				GCC_WARN_ABOUT_RETURN_TYPE = YES_ERROR;
				GCC_WARN_UNDECLARED_SELECTOR = YES;
				GCC_WARN_UNINITIALIZED_AUTOS = YES_AGGRESSIVE;
				GCC_WARN_UNUSED_FUNCTION = YES;
				GCC_WARN_UNUSED_VARIABLE = YES;
				IPHONEOS_DEPLOYMENT_TARGET = 10.0;
				MTL_ENABLE_DEBUG_INFO = YES;
				ONLY_ACTIVE_ARCH = YES;
				SDKROOT = iphoneos;
				SWIFT_ACTIVE_COMPILATION_CONDITIONS = DEBUG;
				SWIFT_OPTIMIZATION_LEVEL = "-Onone";
				TARGETED_DEVICE_FAMILY = "1,2";
			};
			name = Debug;
		};
		56F98A201DB1CBAD00E3B33A /* Release */ = {
			isa = XCBuildConfiguration;
			buildSettings = {
				ALWAYS_SEARCH_USER_PATHS = NO;
				CLANG_ANALYZER_NONNULL = YES;
				CLANG_CXX_LANGUAGE_STANDARD = "gnu++0x";
				CLANG_CXX_LIBRARY = "libc++";
				CLANG_ENABLE_MODULES = YES;
				CLANG_ENABLE_OBJC_ARC = YES;
				CLANG_WARN_BOOL_CONVERSION = YES;
				CLANG_WARN_CONSTANT_CONVERSION = YES;
				CLANG_WARN_DIRECT_OBJC_ISA_USAGE = YES_ERROR;
				CLANG_WARN_DOCUMENTATION_COMMENTS = YES;
				CLANG_WARN_EMPTY_BODY = YES;
				CLANG_WARN_ENUM_CONVERSION = YES;
				CLANG_WARN_INFINITE_RECURSION = YES;
				CLANG_WARN_INT_CONVERSION = YES;
				CLANG_WARN_OBJC_ROOT_CLASS = YES_ERROR;
				CLANG_WARN_SUSPICIOUS_MOVES = YES;
				CLANG_WARN_UNREACHABLE_CODE = YES;
				CLANG_WARN__DUPLICATE_METHOD_MATCH = YES;
				"CODE_SIGN_IDENTITY[sdk=iphoneos*]" = "iPhone Developer";
				COPY_PHASE_STRIP = NO;
				DEBUG_INFORMATION_FORMAT = "dwarf-with-dsym";
				ENABLE_NS_ASSERTIONS = NO;
				ENABLE_STRICT_OBJC_MSGSEND = YES;
				GCC_C_LANGUAGE_STANDARD = gnu99;
				GCC_NO_COMMON_BLOCKS = YES;
				GCC_WARN_64_TO_32_BIT_CONVERSION = YES;
				GCC_WARN_ABOUT_RETURN_TYPE = YES_ERROR;
				GCC_WARN_UNDECLARED_SELECTOR = YES;
				GCC_WARN_UNINITIALIZED_AUTOS = YES_AGGRESSIVE;
				GCC_WARN_UNUSED_FUNCTION = YES;
				GCC_WARN_UNUSED_VARIABLE = YES;
				IPHONEOS_DEPLOYMENT_TARGET = 10.0;
				MTL_ENABLE_DEBUG_INFO = NO;
				SDKROOT = iphoneos;
				SWIFT_OPTIMIZATION_LEVEL = "-Owholemodule";
				TARGETED_DEVICE_FAMILY = "1,2";
				VALIDATE_PRODUCT = YES;
			};
			name = Release;
		};
		56F98A221DB1CBAD00E3B33A /* Debug */ = {
			isa = XCBuildConfiguration;
			buildSettings = {
				ASSETCATALOG_COMPILER_APPICON_NAME = AppIcon;
				DEVELOPMENT_TEAM = JG6P34L9X8;
				INFOPLIST_FILE = Test/Info.plist;
				LD_RUNPATH_SEARCH_PATHS = "$(inherited) @executable_path/Frameworks";
				PRODUCT_BUNDLE_IDENTIFIER = tir.Test;
				PRODUCT_NAME = "$(TARGET_NAME)";
				SWIFT_VERSION = 3.0;
			};
			name = Debug;
		};
		56F98A231DB1CBAD00E3B33A /* Release */ = {
			isa = XCBuildConfiguration;
			buildSettings = {
				ASSETCATALOG_COMPILER_APPICON_NAME = AppIcon;
				DEVELOPMENT_TEAM = JG6P34L9X8;
				INFOPLIST_FILE = Test/Info.plist;
				LD_RUNPATH_SEARCH_PATHS = "$(inherited) @executable_path/Frameworks";
				PRODUCT_BUNDLE_IDENTIFIER = tir.Test;
				PRODUCT_NAME = "$(TARGET_NAME)";
				SWIFT_VERSION = 3.0;
			};
			name = Release;
		};
/* End XCBuildConfiguration section */

/* Begin XCConfigurationList section */
		56F98A0A1DB1CBAC00E3B33A /* Build configuration list for PBXProject "Test" */ = {
			isa = XCConfigurationList;
			buildConfigurations = (
				56F98A1F1DB1CBAD00E3B33A /* Debug */,
				56F98A201DB1CBAD00E3B33A /* Release */,
			);
			defaultConfigurationIsVisible = 0;
			defaultConfigurationName = Release;
		};
		56F98A211DB1CBAD00E3B33A /* Build configuration list for PBXNativeTarget "Test" */ = {
			isa = XCConfigurationList;
			buildConfigurations = (
				56F98A221DB1CBAD00E3B33A /* Debug */,
				56F98A231DB1CBAD00E3B33A /* Release */,
			);
			defaultConfigurationIsVisible = 0;
		};
/* End XCConfigurationList section */
	};
	rootObject = 56F98A071DB1CBAC00E3B33A /* Project object */;
}
